
Microsoft Visual Studio Solution File, Format Version 12.00
# Visual Studio 15
VisualStudioVersion = 15.0.26730.8
MinimumVisualStudioVersion = 10.0.40219.1
Project("{FAE04EC0-301F-11D3-BF4B-00C04F79EFBC}") = "Serialization", "Serialization\Serialization.csproj", "{DA889777-0B9D-42B7-9727-0C8758924F69}"
EndProject
Global
	GlobalSection(SolutionConfigurationPlatforms) = preSolution
		Debug|Any CPU = Debug|Any CPU
		Release|Any CPU = Release|Any CPU
	EndGlobalSection
	GlobalSection(ProjectConfigurationPlatforms) = postSolution
		{DA889777-0B9D-42B7-9727-0C8758924F69}.Debug|Any CPU.ActiveCfg = Debug|Any CPU
		{DA889777-0B9D-42B7-9727-0C8758924F69}.Debug|Any CPU.Build.0 = Debug|Any CPU
		{DA889777-0B9D-42B7-9727-0C8758924F69}.Release|Any CPU.ActiveCfg = Release|Any CPU
		{DA889777-0B9D-42B7-9727-0C8758924F69}.Release|Any CPU.Build.0 = Release|Any CPU
	EndGlobalSection
	GlobalSection(SolutionProperties) = preSolution
		HideSolutionNode = FALSE
	EndGlobalSection
	GlobalSection(ExtensibilityGlobals) = postSolution
		SolutionGuid = {EDEB23D6-FCC6-4204-8762-4F48093E8B89}
	EndGlobalSection
EndGlobal
